# This file is automatically @generated by Poetry 1.8.2 and should not be changed by hand.

[[package]]
name = "pathspec"
version = "0.12.1"
description = "Utility library for gitignore style pattern matching of file paths."
optional = false
python-versions = ">=3.8"
files = [
    {file = "pathspec-0.12.1-py3-none-any.whl", hash = "sha256:a0d503e138a4c123b27490a4f7beda6a01c6f288df0e4a8b79c7eb0dc7b4cc08"},
    {file = "pathspec-0.12.1.tar.gz", hash = "sha256:a482d51503a1ab33b1c67a6c3813a26953dbdc71c31dacaef9a838c4e29f5712"},
]

[metadata]
lock-version = "2.0"
python-versions = "^3.10"
content-hash = "36ade52c2fc04ec6f16cdd5be87a3d96e68e7482f895a4415d991c300506a5e4"
