# This file is automatically @generated by Poetry 1.8.2 and should not be changed by hand.

[[package]]
name = "jsonify"
version = "0.5"
description = "A csv to json converter"
optional = false
python-versions = "*"
files = [
    {file = "jsonify-0.5.tar.gz", hash = "sha256:f340032753577575e9777835809b283fdc9b251867d5d5600389131647f8bfe1"},
]

[metadata]
lock-version = "2.0"
python-versions = "^3.10"
content-hash = "4254188b5fcacb3966cc8c4d9e1c3bb0fa9584e243b27dd36c9500f1b7d4cf96"
